// !$*UTF8*$!
{
	archiveVersion = 1;
	classes = {
	};
	objectVersion = 46;
	objects = {

/* Begin PBXBuildFile section */
		020406BE1AC22156008DD0DA /* POGMapViewController.m in Sources */ = {isa = PBXBuildFile; fileRef = 020406BD1AC22156008DD0DA /* POGMapViewController.m */; };
		020406C11AC22186008DD0DA /* POGSettingsViewController.m in Sources */ = {isa = PBXBuildFile; fileRef = 020406C01AC22186008DD0DA /* POGSettingsViewController.m */; };
		021F676C1AD475C800E06CDF /* POGSelectUserLocationPathViewController.m in Sources */ = {isa = PBXBuildFile; fileRef = 021F676B1AD475C800E06CDF /* POGSelectUserLocationPathViewController.m */; };
		021F676F1AD475E100E06CDF /* POGDeleteUserLocationPathViewController.m in Sources */ = {isa = PBXBuildFile; fileRef = 021F676E1AD475E100E06CDF /* POGDeleteUserLocationPathViewController.m */; };
		021F67721AD4761100E06CDF /* POGInfectedPatientLocationPathTableViewController.m in Sources */ = {isa = PBXBuildFile; fileRef = 021F67711AD4761100E06CDF /* POGInfectedPatientLocationPathTableViewController.m */; };
		022430C61AD43BD60092F279 /* patient_unsorted.geojson in Resources */ = {isa = PBXBuildFile; fileRef = 022430C51AD43BD60092F279 /* patient_unsorted.geojson */; };
		022430CF1AD43D6E0092F279 /* POGLocationPath.m in Sources */ = {isa = PBXBuildFile; fileRef = 022430CD1AD43D6E0092F279 /* POGLocationPath.m */; };
		028343741AA547C8007F33DD /* CoreData.framework in Frameworks */ = {isa = PBXBuildFile; fileRef = 028343731AA547C8007F33DD /* CoreData.framework */; };
		028DFD901A86F47C00C201DE /* main.m in Sources */ = {isa = PBXBuildFile; fileRef = 028DFD8F1A86F47C00C201DE /* main.m */; };
		028DFD931A86F47C00C201DE /* POGAppDelegate.m in Sources */ = {isa = PBXBuildFile; fileRef = 028DFD921A86F47C00C201DE /* POGAppDelegate.m */; };
		028DFD9C1A86F47C00C201DE /* Main.storyboard in Resources */ = {isa = PBXBuildFile; fileRef = 028DFD9A1A86F47C00C201DE /* Main.storyboard */; };
		028DFD9E1A86F47C00C201DE /* Images.xcassets in Resources */ = {isa = PBXBuildFile; fileRef = 028DFD9D1A86F47C00C201DE /* Images.xcassets */; };
		028DFDA11A86F47C00C201DE /* LaunchScreen.xib in Resources */ = {isa = PBXBuildFile; fileRef = 028DFD9F1A86F47C00C201DE /* LaunchScreen.xib */; };
		028DFDAD1A86F47C00C201DE /* PathOGionTests.m in Sources */ = {isa = PBXBuildFile; fileRef = 028DFDAC1A86F47C00C201DE /* PathOGionTests.m */; };
		028DFDB71A86F49C00C201DE /* MapKit.framework in Frameworks */ = {isa = PBXBuildFile; fileRef = 028DFDB61A86F49C00C201DE /* MapKit.framework */; };
		028DFDB91A86F4C600C201DE /* CoreLocation.framework in Frameworks */ = {isa = PBXBuildFile; fileRef = 028DFDB81A86F4C600C201DE /* CoreLocation.framework */; };
		02952B291AA52CCD009EF8FC /* POGBackgroundTaskManager.m in Sources */ = {isa = PBXBuildFile; fileRef = 02952B261AA52CCD009EF8FC /* POGBackgroundTaskManager.m */; };
		02952B2A1AA52CCD009EF8FC /* POGLocationTracker.m in Sources */ = {isa = PBXBuildFile; fileRef = 02952B281AA52CCD009EF8FC /* POGLocationTracker.m */; };
		02952B2D1AA52EF5009EF8FC /* POGCoreDataLocationPoint.m in Sources */ = {isa = PBXBuildFile; fileRef = 02952B2C1AA52EF5009EF8FC /* POGCoreDataLocationPoint.m */; };
		02DAFD3B1AB8ECA600990298 /* patient.geojson in Resources */ = {isa = PBXBuildFile; fileRef = 02DAFD3A1AB8ECA600990298 /* patient.geojson */; };
		02DAFD3E1AB9ED9100990298 /* POGGeoJsonParser.m in Sources */ = {isa = PBXBuildFile; fileRef = 02DAFD3D1AB9ED9100990298 /* POGGeoJsonParser.m */; };
		02E5F1281AD4D41900500BF9 /* PathOGion.xcdatamodeld in Sources */ = {isa = PBXBuildFile; fileRef = 02E5F1261AD4D41900500BF9 /* PathOGion.xcdatamodeld */; };
		02F297F31ABB96C600386F78 /* POGLocationPoint.m in Sources */ = {isa = PBXBuildFile; fileRef = 02F297F21ABB96C600386F78 /* POGLocationPoint.m */; };
/* End PBXBuildFile section */

/* Begin PBXContainerItemProxy section */
		028DFDA71A86F47C00C201DE /* PBXContainerItemProxy */ = {
			isa = PBXContainerItemProxy;
			containerPortal = 028DFD821A86F47C00C201DE /* Project object */;
			proxyType = 1;
			remoteGlobalIDString = 028DFD891A86F47C00C201DE;
			remoteInfo = PathOGion;
		};
/* End PBXContainerItemProxy section */

/* Begin PBXFileReference section */
		020406BC1AC22156008DD0DA /* POGMapViewController.h */ = {isa = PBXFileReference; fileEncoding = 4; lastKnownFileType = sourcecode.c.h; path = POGMapViewController.h; sourceTree = "<group>"; };
		020406BD1AC22156008DD0DA /* POGMapViewController.m */ = {isa = PBXFileReference; fileEncoding = 4; lastKnownFileType = sourcecode.c.objc; path = POGMapViewController.m; sourceTree = "<group>"; };
		020406BF1AC22186008DD0DA /* POGSettingsViewController.h */ = {isa = PBXFileReference; fileEncoding = 4; lastKnownFileType = sourcecode.c.h; path = POGSettingsViewController.h; sourceTree = "<group>"; };
		020406C01AC22186008DD0DA /* POGSettingsViewController.m */ = {isa = PBXFileReference; fileEncoding = 4; lastKnownFileType = sourcecode.c.objc; path = POGSettingsViewController.m; sourceTree = "<group>"; };
		021F676A1AD475C800E06CDF /* POGSelectUserLocationPathViewController.h */ = {isa = PBXFileReference; fileEncoding = 4; lastKnownFileType = sourcecode.c.h; path = POGSelectUserLocationPathViewController.h; sourceTree = "<group>"; };
		021F676B1AD475C800E06CDF /* POGSelectUserLocationPathViewController.m */ = {isa = PBXFileReference; fileEncoding = 4; lastKnownFileType = sourcecode.c.objc; path = POGSelectUserLocationPathViewController.m; sourceTree = "<group>"; };
		021F676D1AD475E100E06CDF /* POGDeleteUserLocationPathViewController.h */ = {isa = PBXFileReference; fileEncoding = 4; lastKnownFileType = sourcecode.c.h; path = POGDeleteUserLocationPathViewController.h; sourceTree = "<group>"; };
		021F676E1AD475E100E06CDF /* POGDeleteUserLocationPathViewController.m */ = {isa = PBXFileReference; fileEncoding = 4; lastKnownFileType = sourcecode.c.objc; path = POGDeleteUserLocationPathViewController.m; sourceTree = "<group>"; };
		021F67701AD4761100E06CDF /* POGInfectedPatientLocationPathTableViewController.h */ = {isa = PBXFileReference; fileEncoding = 4; lastKnownFileType = sourcecode.c.h; path = POGInfectedPatientLocationPathTableViewController.h; sourceTree = "<group>"; };
		021F67711AD4761100E06CDF /* POGInfectedPatientLocationPathTableViewController.m */ = {isa = PBXFileReference; fileEncoding = 4; lastKnownFileType = sourcecode.c.objc; path = POGInfectedPatientLocationPathTableViewController.m; sourceTree = "<group>"; };
		022430C51AD43BD60092F279 /* patient_unsorted.geojson */ = {isa = PBXFileReference; fileEncoding = 4; lastKnownFileType = text; path = patient_unsorted.geojson; sourceTree = "<group>"; };
		022430CC1AD43D6E0092F279 /* POGLocationPath.h */ = {isa = PBXFileReference; fileEncoding = 4; lastKnownFileType = sourcecode.c.h; path = POGLocationPath.h; sourceTree = "<group>"; };
		022430CD1AD43D6E0092F279 /* POGLocationPath.m */ = {isa = PBXFileReference; fileEncoding = 4; lastKnownFileType = sourcecode.c.objc; path = POGLocationPath.m; sourceTree = "<group>"; };
		028343731AA547C8007F33DD /* CoreData.framework */ = {isa = PBXFileReference; lastKnownFileType = wrapper.framework; name = CoreData.framework; path = System/Library/Frameworks/CoreData.framework; sourceTree = SDKROOT; };
		028DFD8A1A86F47C00C201DE /* PathOGion.app */ = {isa = PBXFileReference; explicitFileType = wrapper.application; includeInIndex = 0; path = PathOGion.app; sourceTree = BUILT_PRODUCTS_DIR; };
		028DFD8E1A86F47C00C201DE /* Info.plist */ = {isa = PBXFileReference; lastKnownFileType = text.plist.xml; path = Info.plist; sourceTree = "<group>"; };
		028DFD8F1A86F47C00C201DE /* main.m */ = {isa = PBXFileReference; lastKnownFileType = sourcecode.c.objc; path = main.m; sourceTree = "<group>"; };
		028DFD911A86F47C00C201DE /* POGAppDelegate.h */ = {isa = PBXFileReference; lastKnownFileType = sourcecode.c.h; path = POGAppDelegate.h; sourceTree = "<group>"; };
		028DFD921A86F47C00C201DE /* POGAppDelegate.m */ = {isa = PBXFileReference; lastKnownFileType = sourcecode.c.objc; path = POGAppDelegate.m; sourceTree = "<group>"; };
		028DFD9B1A86F47C00C201DE /* Base */ = {isa = PBXFileReference; lastKnownFileType = file.storyboard; name = Base; path = Base.lproj/Main.storyboard; sourceTree = "<group>"; };
		028DFD9D1A86F47C00C201DE /* Images.xcassets */ = {isa = PBXFileReference; lastKnownFileType = folder.assetcatalog; path = Images.xcassets; sourceTree = "<group>"; };
		028DFDA01A86F47C00C201DE /* Base */ = {isa = PBXFileReference; lastKnownFileType = file.xib; name = Base; path = Base.lproj/LaunchScreen.xib; sourceTree = "<group>"; };
		028DFDA61A86F47C00C201DE /* PathOGionTests.xctest */ = {isa = PBXFileReference; explicitFileType = wrapper.cfbundle; includeInIndex = 0; path = PathOGionTests.xctest; sourceTree = BUILT_PRODUCTS_DIR; };
		028DFDAB1A86F47C00C201DE /* Info.plist */ = {isa = PBXFileReference; lastKnownFileType = text.plist.xml; path = Info.plist; sourceTree = "<group>"; };
		028DFDAC1A86F47C00C201DE /* PathOGionTests.m */ = {isa = PBXFileReference; lastKnownFileType = sourcecode.c.objc; path = PathOGionTests.m; sourceTree = "<group>"; };
		028DFDB61A86F49C00C201DE /* MapKit.framework */ = {isa = PBXFileReference; lastKnownFileType = wrapper.framework; name = MapKit.framework; path = System/Library/Frameworks/MapKit.framework; sourceTree = SDKROOT; };
		028DFDB81A86F4C600C201DE /* CoreLocation.framework */ = {isa = PBXFileReference; lastKnownFileType = wrapper.framework; name = CoreLocation.framework; path = System/Library/Frameworks/CoreLocation.framework; sourceTree = SDKROOT; };
		02952B251AA52CCD009EF8FC /* POGBackgroundTaskManager.h */ = {isa = PBXFileReference; fileEncoding = 4; lastKnownFileType = sourcecode.c.h; path = POGBackgroundTaskManager.h; sourceTree = "<group>"; };
		02952B261AA52CCD009EF8FC /* POGBackgroundTaskManager.m */ = {isa = PBXFileReference; fileEncoding = 4; lastKnownFileType = sourcecode.c.objc; path = POGBackgroundTaskManager.m; sourceTree = "<group>"; };
		02952B271AA52CCD009EF8FC /* POGLocationTracker.h */ = {isa = PBXFileReference; fileEncoding = 4; lastKnownFileType = sourcecode.c.h; path = POGLocationTracker.h; sourceTree = "<group>"; };
		02952B281AA52CCD009EF8FC /* POGLocationTracker.m */ = {isa = PBXFileReference; fileEncoding = 4; lastKnownFileType = sourcecode.c.objc; lineEnding = 0; path = POGLocationTracker.m; sourceTree = "<group>"; xcLanguageSpecificationIdentifier = xcode.lang.objc; };
		02952B2B1AA52EF5009EF8FC /* POGCoreDataLocationPoint.h */ = {isa = PBXFileReference; fileEncoding = 4; lastKnownFileType = sourcecode.c.h; lineEnding = 0; path = POGCoreDataLocationPoint.h; sourceTree = "<group>"; xcLanguageSpecificationIdentifier = xcode.lang.objcpp; };
		02952B2C1AA52EF5009EF8FC /* POGCoreDataLocationPoint.m */ = {isa = PBXFileReference; fileEncoding = 4; lastKnownFileType = sourcecode.c.objc; lineEnding = 0; path = POGCoreDataLocationPoint.m; sourceTree = "<group>"; xcLanguageSpecificationIdentifier = xcode.lang.objc; };
		02DAFD3A1AB8ECA600990298 /* patient.geojson */ = {isa = PBXFileReference; fileEncoding = 4; lastKnownFileType = text; path = patient.geojson; sourceTree = "<group>"; };
		02DAFD3C1AB9ED9100990298 /* POGGeoJsonParser.h */ = {isa = PBXFileReference; fileEncoding = 4; lastKnownFileType = sourcecode.c.h; path = POGGeoJsonParser.h; sourceTree = "<group>"; };
		02DAFD3D1AB9ED9100990298 /* POGGeoJsonParser.m */ = {isa = PBXFileReference; fileEncoding = 4; lastKnownFileType = sourcecode.c.objc; lineEnding = 0; path = POGGeoJsonParser.m; sourceTree = "<group>"; xcLanguageSpecificationIdentifier = xcode.lang.objc; };
		02E5F1271AD4D41900500BF9 /* PathOGion.xcdatamodel */ = {isa = PBXFileReference; lastKnownFileType = wrapper.xcdatamodel; path = PathOGion.xcdatamodel; sourceTree = "<group>"; };
		02F297F11ABB96C600386F78 /* POGLocationPoint.h */ = {isa = PBXFileReference; fileEncoding = 4; lastKnownFileType = sourcecode.c.h; path = POGLocationPoint.h; sourceTree = "<group>"; };
		02F297F21ABB96C600386F78 /* POGLocationPoint.m */ = {isa = PBXFileReference; fileEncoding = 4; lastKnownFileType = sourcecode.c.objc; path = POGLocationPoint.m; sourceTree = "<group>"; };
/* End PBXFileReference section */

/* Begin PBXFrameworksBuildPhase section */
		028DFD871A86F47C00C201DE /* Frameworks */ = {
			isa = PBXFrameworksBuildPhase;
			buildActionMask = 2147483647;
			files = (
				028343741AA547C8007F33DD /* CoreData.framework in Frameworks */,
				028DFDB91A86F4C600C201DE /* CoreLocation.framework in Frameworks */,
				028DFDB71A86F49C00C201DE /* MapKit.framework in Frameworks */,
			);
			runOnlyForDeploymentPostprocessing = 0;
		};
		028DFDA31A86F47C00C201DE /* Frameworks */ = {
			isa = PBXFrameworksBuildPhase;
			buildActionMask = 2147483647;
			files = (
			);
			runOnlyForDeploymentPostprocessing = 0;
		};
/* End PBXFrameworksBuildPhase section */

/* Begin PBXGroup section */
		020406B71AC21C10008DD0DA /* Models */ = {
			isa = PBXGroup;
			children = (
				02952B271AA52CCD009EF8FC /* POGLocationTracker.h */,
				02952B281AA52CCD009EF8FC /* POGLocationTracker.m */,
				02F297F11ABB96C600386F78 /* POGLocationPoint.h */,
				02F297F21ABB96C600386F78 /* POGLocationPoint.m */,
				022430CC1AD43D6E0092F279 /* POGLocationPath.h */,
				022430CD1AD43D6E0092F279 /* POGLocationPath.m */,
				02952B2B1AA52EF5009EF8FC /* POGCoreDataLocationPoint.h */,
				02952B2C1AA52EF5009EF8FC /* POGCoreDataLocationPoint.m */,
				02DAFD3C1AB9ED9100990298 /* POGGeoJsonParser.h */,
				02DAFD3D1AB9ED9100990298 /* POGGeoJsonParser.m */,
				02952B251AA52CCD009EF8FC /* POGBackgroundTaskManager.h */,
				02952B261AA52CCD009EF8FC /* POGBackgroundTaskManager.m */,
			);
			name = Models;
			sourceTree = "<group>";
		};
		02881BB41AA1715400C34C34 /* Frameworks */ = {
			isa = PBXGroup;
			children = (
				028343731AA547C8007F33DD /* CoreData.framework */,
				028DFDB81A86F4C600C201DE /* CoreLocation.framework */,
				028DFDB61A86F49C00C201DE /* MapKit.framework */,
			);
			name = Frameworks;
			sourceTree = "<group>";
		};
		028DFD811A86F47C00C201DE = {
			isa = PBXGroup;
			children = (
				028DFD8C1A86F47C00C201DE /* PathOGion */,
				028DFDA91A86F47C00C201DE /* PathOGionTests */,
				028DFD8B1A86F47C00C201DE /* Products */,
				02881BB41AA1715400C34C34 /* Frameworks */,
			);
			sourceTree = "<group>";
		};
		028DFD8B1A86F47C00C201DE /* Products */ = {
			isa = PBXGroup;
			children = (
				028DFD8A1A86F47C00C201DE /* PathOGion.app */,
				028DFDA61A86F47C00C201DE /* PathOGionTests.xctest */,
			);
			name = Products;
			sourceTree = "<group>";
		};
		028DFD8C1A86F47C00C201DE /* PathOGion */ = {
			isa = PBXGroup;
			children = (
				028DFD911A86F47C00C201DE /* POGAppDelegate.h */,
				028DFD921A86F47C00C201DE /* POGAppDelegate.m */,
				028DFD9A1A86F47C00C201DE /* Main.storyboard */,
				02D1F1241AC22EA200296402 /* ViewControllers */,
				020406B71AC21C10008DD0DA /* Models */,
				02D1F1221AC22E5100296402 /* Patient Paths */,
				02D1F1231AC22E8100296402 /* Other */,
				028DFD8D1A86F47C00C201DE /* Supporting Files */,
			);
			path = PathOGion;
			sourceTree = "<group>";
		};
		028DFD8D1A86F47C00C201DE /* Supporting Files */ = {
			isa = PBXGroup;
			children = (
				028DFD8E1A86F47C00C201DE /* Info.plist */,
				028DFD8F1A86F47C00C201DE /* main.m */,
			);
			name = "Supporting Files";
			sourceTree = "<group>";
		};
		028DFDA91A86F47C00C201DE /* PathOGionTests */ = {
			isa = PBXGroup;
			children = (
				028DFDAC1A86F47C00C201DE /* PathOGionTests.m */,
				028DFDAA1A86F47C00C201DE /* Supporting Files */,
			);
			path = PathOGionTests;
			sourceTree = "<group>";
		};
		028DFDAA1A86F47C00C201DE /* Supporting Files */ = {
			isa = PBXGroup;
			children = (
				028DFDAB1A86F47C00C201DE /* Info.plist */,
			);
			name = "Supporting Files";
			sourceTree = "<group>";
		};
		02D1F1221AC22E5100296402 /* Patient Paths */ = {
			isa = PBXGroup;
			children = (
				022430C51AD43BD60092F279 /* patient_unsorted.geojson */,
				02DAFD3A1AB8ECA600990298 /* patient.geojson */,
			);
			name = "Patient Paths";
			sourceTree = "<group>";
		};
		02D1F1231AC22E8100296402 /* Other */ = {
			isa = PBXGroup;
			children = (
				028DFD9F1A86F47C00C201DE /* LaunchScreen.xib */,
				028DFD9D1A86F47C00C201DE /* Images.xcassets */,
				02E5F1261AD4D41900500BF9 /* PathOGion.xcdatamodeld */,
			);
			name = Other;
			sourceTree = "<group>";
		};
		02D1F1241AC22EA200296402 /* ViewControllers */ = {
			isa = PBXGroup;
			children = (
				020406BC1AC22156008DD0DA /* POGMapViewController.h */,
				020406BD1AC22156008DD0DA /* POGMapViewController.m */,
				020406BF1AC22186008DD0DA /* POGSettingsViewController.h */,
				020406C01AC22186008DD0DA /* POGSettingsViewController.m */,
				021F676A1AD475C800E06CDF /* POGSelectUserLocationPathViewController.h */,
				021F676B1AD475C800E06CDF /* POGSelectUserLocationPathViewController.m */,
				021F676D1AD475E100E06CDF /* POGDeleteUserLocationPathViewController.h */,
				021F676E1AD475E100E06CDF /* POGDeleteUserLocationPathViewController.m */,
				021F67701AD4761100E06CDF /* POGInfectedPatientLocationPathTableViewController.h */,
				021F67711AD4761100E06CDF /* POGInfectedPatientLocationPathTableViewController.m */,
			);
			name = ViewControllers;
			sourceTree = "<group>";
		};
/* End PBXGroup section */

/* Begin PBXNativeTarget section */
		028DFD891A86F47C00C201DE /* PathOGion */ = {
			isa = PBXNativeTarget;
			buildConfigurationList = 028DFDB01A86F47C00C201DE /* Build configuration list for PBXNativeTarget "PathOGion" */;
			buildPhases = (
				028DFD861A86F47C00C201DE /* Sources */,
				028DFD871A86F47C00C201DE /* Frameworks */,
				028DFD881A86F47C00C201DE /* Resources */,
			);
			buildRules = (
			);
			dependencies = (
			);
			name = PathOGion;
			productName = PathOGion;
			productReference = 028DFD8A1A86F47C00C201DE /* PathOGion.app */;
			productType = "com.apple.product-type.application";
		};
		028DFDA51A86F47C00C201DE /* PathOGionTests */ = {
			isa = PBXNativeTarget;
			buildConfigurationList = 028DFDB31A86F47C00C201DE /* Build configuration list for PBXNativeTarget "PathOGionTests" */;
			buildPhases = (
				028DFDA21A86F47C00C201DE /* Sources */,
				028DFDA31A86F47C00C201DE /* Frameworks */,
				028DFDA41A86F47C00C201DE /* Resources */,
			);
			buildRules = (
			);
			dependencies = (
				028DFDA81A86F47C00C201DE /* PBXTargetDependency */,
			);
			name = PathOGionTests;
			productName = PathOGionTests;
			productReference = 028DFDA61A86F47C00C201DE /* PathOGionTests.xctest */;
			productType = "com.apple.product-type.bundle.unit-test";
		};
/* End PBXNativeTarget section */

/* Begin PBXProject section */
		028DFD821A86F47C00C201DE /* Project object */ = {
			isa = PBXProject;
			attributes = {
				LastUpgradeCheck = 0610;
				ORGANIZATIONNAME = "CARSI Lab";
				TargetAttributes = {
					028DFD891A86F47C00C201DE = {
						CreatedOnToolsVersion = 6.1.1;
						DevelopmentTeam = D6YY38L59V;
						SystemCapabilities = {
							com.apple.BackgroundModes = {
								enabled = 1;
							};
							com.apple.Maps.iOS = {
								enabled = 1;
							};
						};
					};
					028DFDA51A86F47C00C201DE = {
						CreatedOnToolsVersion = 6.1.1;
						TestTargetID = 028DFD891A86F47C00C201DE;
					};
				};
			};
			buildConfigurationList = 028DFD851A86F47C00C201DE /* Build configuration list for PBXProject "PathOGion" */;
			compatibilityVersion = "Xcode 3.2";
			developmentRegion = English;
			hasScannedForEncodings = 0;
			knownRegions = (
				en,
				Base,
			);
			mainGroup = 028DFD811A86F47C00C201DE;
			productRefGroup = 028DFD8B1A86F47C00C201DE /* Products */;
			projectDirPath = "";
			projectRoot = "";
			targets = (
				028DFD891A86F47C00C201DE /* PathOGion */,
				028DFDA51A86F47C00C201DE /* PathOGionTests */,
			);
		};
/* End PBXProject section */

/* Begin PBXResourcesBuildPhase section */
		028DFD881A86F47C00C201DE /* Resources */ = {
			isa = PBXResourcesBuildPhase;
			buildActionMask = 2147483647;
			files = (
				022430C61AD43BD60092F279 /* patient_unsorted.geojson in Resources */,
				028DFD9C1A86F47C00C201DE /* Main.storyboard in Resources */,
				028DFDA11A86F47C00C201DE /* LaunchScreen.xib in Resources */,
				028DFD9E1A86F47C00C201DE /* Images.xcassets in Resources */,
				02DAFD3B1AB8ECA600990298 /* patient.geojson in Resources */,
			);
			runOnlyForDeploymentPostprocessing = 0;
		};
		028DFDA41A86F47C00C201DE /* Resources */ = {
			isa = PBXResourcesBuildPhase;
			buildActionMask = 2147483647;
			files = (
			);
			runOnlyForDeploymentPostprocessing = 0;
		};
/* End PBXResourcesBuildPhase section */

/* Begin PBXSourcesBuildPhase section */
		028DFD861A86F47C00C201DE /* Sources */ = {
			isa = PBXSourcesBuildPhase;
			buildActionMask = 2147483647;
			files = (
				020406C11AC22186008DD0DA /* POGSettingsViewController.m in Sources */,
				02F297F31ABB96C600386F78 /* POGLocationPoint.m in Sources */,
				02952B2D1AA52EF5009EF8FC /* POGCoreDataLocationPoint.m in Sources */,
				02E5F1281AD4D41900500BF9 /* PathOGion.xcdatamodeld in Sources */,
				02952B291AA52CCD009EF8FC /* POGBackgroundTaskManager.m in Sources */,
				020406BE1AC22156008DD0DA /* POGMapViewController.m in Sources */,
				028DFD931A86F47C00C201DE /* POGAppDelegate.m in Sources */,
				021F676C1AD475C800E06CDF /* POGSelectUserLocationPathViewController.m in Sources */,
				02DAFD3E1AB9ED9100990298 /* POGGeoJsonParser.m in Sources */,
				028DFD901A86F47C00C201DE /* main.m in Sources */,
				022430CF1AD43D6E0092F279 /* POGLocationPath.m in Sources */,
				021F67721AD4761100E06CDF /* POGInfectedPatientLocationPathTableViewController.m in Sources */,
				021F676F1AD475E100E06CDF /* POGDeleteUserLocationPathViewController.m in Sources */,
				02952B2A1AA52CCD009EF8FC /* POGLocationTracker.m in Sources */,
			);
			runOnlyForDeploymentPostprocessing = 0;
		};
		028DFDA21A86F47C00C201DE /* Sources */ = {
			isa = PBXSourcesBuildPhase;
			buildActionMask = 2147483647;
			files = (
				028DFDAD1A86F47C00C201DE /* PathOGionTests.m in Sources */,
			);
			runOnlyForDeploymentPostprocessing = 0;
		};
/* End PBXSourcesBuildPhase section */

/* Begin PBXTargetDependency section */
		028DFDA81A86F47C00C201DE /* PBXTargetDependency */ = {
			isa = PBXTargetDependency;
			target = 028DFD891A86F47C00C201DE /* PathOGion */;
			targetProxy = 028DFDA71A86F47C00C201DE /* PBXContainerItemProxy */;
		};
/* End PBXTargetDependency section */

/* Begin PBXVariantGroup section */
		028DFD9A1A86F47C00C201DE /* Main.storyboard */ = {
			isa = PBXVariantGroup;
			children = (
				028DFD9B1A86F47C00C201DE /* Base */,
			);
			name = Main.storyboard;
			sourceTree = "<group>";
		};
		028DFD9F1A86F47C00C201DE /* LaunchScreen.xib */ = {
			isa = PBXVariantGroup;
			children = (
				028DFDA01A86F47C00C201DE /* Base */,
			);
			name = LaunchScreen.xib;
			sourceTree = "<group>";
		};
/* End PBXVariantGroup section */

/* Begin XCBuildConfiguration section */
		028DFDAE1A86F47C00C201DE /* Debug */ = {
			isa = XCBuildConfiguration;
			buildSettings = {
				ALWAYS_SEARCH_USER_PATHS = NO;
				CLANG_CXX_LANGUAGE_STANDARD = "gnu++0x";
				CLANG_CXX_LIBRARY = "libc++";
				CLANG_ENABLE_MODULES = YES;
				CLANG_ENABLE_OBJC_ARC = YES;
				CLANG_WARN_BOOL_CONVERSION = YES;
				CLANG_WARN_CONSTANT_CONVERSION = YES;
				CLANG_WARN_DIRECT_OBJC_ISA_USAGE = YES_ERROR;
				CLANG_WARN_EMPTY_BODY = YES;
				CLANG_WARN_ENUM_CONVERSION = YES;
				CLANG_WARN_INT_CONVERSION = YES;
				CLANG_WARN_OBJC_ROOT_CLASS = YES_ERROR;
				CLANG_WARN_UNREACHABLE_CODE = YES;
				CLANG_WARN__DUPLICATE_METHOD_MATCH = YES;
				"CODE_SIGN_IDENTITY[sdk=iphoneos*]" = "iPhone Developer";
				COPY_PHASE_STRIP = NO;
				ENABLE_STRICT_OBJC_MSGSEND = YES;
				GCC_C_LANGUAGE_STANDARD = gnu99;
				GCC_DYNAMIC_NO_PIC = NO;
				GCC_OPTIMIZATION_LEVEL = 0;
				GCC_PREPROCESSOR_DEFINITIONS = (
					"DEBUG=1",
					"$(inherited)",
				);
				GCC_SYMBOLS_PRIVATE_EXTERN = NO;
				GCC_WARN_64_TO_32_BIT_CONVERSION = YES;
				GCC_WARN_ABOUT_RETURN_TYPE = YES_ERROR;
				GCC_WARN_UNDECLARED_SELECTOR = YES;
				GCC_WARN_UNINITIALIZED_AUTOS = YES_AGGRESSIVE;
				GCC_WARN_UNUSED_FUNCTION = YES;
				GCC_WARN_UNUSED_VARIABLE = YES;
				IPHONEOS_DEPLOYMENT_TARGET = 8.1;
				MTL_ENABLE_DEBUG_INFO = YES;
				ONLY_ACTIVE_ARCH = YES;
				SDKROOT = iphoneos;
			};
			name = Debug;
		};
		028DFDAF1A86F47C00C201DE /* Release */ = {
			isa = XCBuildConfiguration;
			buildSettings = {
				ALWAYS_SEARCH_USER_PATHS = NO;
				CLANG_CXX_LANGUAGE_STANDARD = "gnu++0x";
				CLANG_CXX_LIBRARY = "libc++";
				CLANG_ENABLE_MODULES = YES;
				CLANG_ENABLE_OBJC_ARC = YES;
				CLANG_WARN_BOOL_CONVERSION = YES;
				CLANG_WARN_CONSTANT_CONVERSION = YES;
				CLANG_WARN_DIRECT_OBJC_ISA_USAGE = YES_ERROR;
				CLANG_WARN_EMPTY_BODY = YES;
				CLANG_WARN_ENUM_CONVERSION = YES;
				CLANG_WARN_INT_CONVERSION = YES;
				CLANG_WARN_OBJC_ROOT_CLASS = YES_ERROR;
				CLANG_WARN_UNREACHABLE_CODE = YES;
				CLANG_WARN__DUPLICATE_METHOD_MATCH = YES;
				"CODE_SIGN_IDENTITY[sdk=iphoneos*]" = "iPhone Developer";
				COPY_PHASE_STRIP = YES;
				ENABLE_NS_ASSERTIONS = NO;
				ENABLE_STRICT_OBJC_MSGSEND = YES;
				GCC_C_LANGUAGE_STANDARD = gnu99;
				GCC_WARN_64_TO_32_BIT_CONVERSION = YES;
				GCC_WARN_ABOUT_RETURN_TYPE = YES_ERROR;
				GCC_WARN_UNDECLARED_SELECTOR = YES;
				GCC_WARN_UNINITIALIZED_AUTOS = YES_AGGRESSIVE;
				GCC_WARN_UNUSED_FUNCTION = YES;
				GCC_WARN_UNUSED_VARIABLE = YES;
				IPHONEOS_DEPLOYMENT_TARGET = 8.1;
				MTL_ENABLE_DEBUG_INFO = NO;
				SDKROOT = iphoneos;
				VALIDATE_PRODUCT = YES;
			};
			name = Release;
		};
		028DFDB11A86F47C00C201DE /* Debug */ = {
			isa = XCBuildConfiguration;
			buildSettings = {
				ASSETCATALOG_COMPILER_APPICON_NAME = AppIcon;
				CODE_SIGN_IDENTITY = "iPhone Developer";
				INFOPLIST_FILE = PathOGion/Info.plist;
				IPHONEOS_DEPLOYMENT_TARGET = 8.2;
				LD_RUNPATH_SEARCH_PATHS = "$(inherited) @executable_path/Frameworks";
				PRODUCT_NAME = "$(TARGET_NAME)";
			};
			name = Debug;
		};
		028DFDB21A86F47C00C201DE /* Release */ = {
			isa = XCBuildConfiguration;
			buildSettings = {
				ASSETCATALOG_COMPILER_APPICON_NAME = AppIcon;
				CODE_SIGN_IDENTITY = "iPhone Developer";
				INFOPLIST_FILE = PathOGion/Info.plist;
				IPHONEOS_DEPLOYMENT_TARGET = 8.2;
				LD_RUNPATH_SEARCH_PATHS = "$(inherited) @executable_path/Frameworks";
				PRODUCT_NAME = "$(TARGET_NAME)";
			};
			name = Release;
		};
		028DFDB41A86F47C00C201DE /* Debug */ = {
			isa = XCBuildConfiguration;
			buildSettings = {
				BUNDLE_LOADER = "$(TEST_HOST)";
				FRAMEWORK_SEARCH_PATHS = (
					"$(SDKROOT)/Developer/Library/Frameworks",
					"$(inherited)",
				);
				GCC_PREPROCESSOR_DEFINITIONS = (
					"DEBUG=1",
					"$(inherited)",
				);
				INFOPLIST_FILE = PathOGionTests/Info.plist;
				LD_RUNPATH_SEARCH_PATHS = "$(inherited) @executable_path/Frameworks @loader_path/Frameworks";
				PRODUCT_NAME = "$(TARGET_NAME)";
				TEST_HOST = "$(BUILT_PRODUCTS_DIR)/PathOGion.app/PathOGion";
			};
			name = Debug;
		};
		028DFDB51A86F47C00C201DE /* Release */ = {
			isa = XCBuildConfiguration;
			buildSettings = {
				BUNDLE_LOADER = "$(TEST_HOST)";
				FRAMEWORK_SEARCH_PATHS = (
					"$(SDKROOT)/Developer/Library/Frameworks",
					"$(inherited)",
				);
				INFOPLIST_FILE = PathOGionTests/Info.plist;
				LD_RUNPATH_SEARCH_PATHS = "$(inherited) @executable_path/Frameworks @loader_path/Frameworks";
				PRODUCT_NAME = "$(TARGET_NAME)";
				TEST_HOST = "$(BUILT_PRODUCTS_DIR)/PathOGion.app/PathOGion";
			};
			name = Release;
		};
/* End XCBuildConfiguration section */

/* Begin XCConfigurationList section */
		028DFD851A86F47C00C201DE /* Build configuration list for PBXProject "PathOGion" */ = {
			isa = XCConfigurationList;
			buildConfigurations = (
				028DFDAE1A86F47C00C201DE /* Debug */,
				028DFDAF1A86F47C00C201DE /* Release */,
			);
			defaultConfigurationIsVisible = 0;
			defaultConfigurationName = Release;
		};
		028DFDB01A86F47C00C201DE /* Build configuration list for PBXNativeTarget "PathOGion" */ = {
			isa = XCConfigurationList;
			buildConfigurations = (
				028DFDB11A86F47C00C201DE /* Debug */,
				028DFDB21A86F47C00C201DE /* Release */,
			);
			defaultConfigurationIsVisible = 0;
			defaultConfigurationName = Release;
		};
		028DFDB31A86F47C00C201DE /* Build configuration list for PBXNativeTarget "PathOGionTests" */ = {
			isa = XCConfigurationList;
			buildConfigurations = (
				028DFDB41A86F47C00C201DE /* Debug */,
				028DFDB51A86F47C00C201DE /* Release */,
			);
			defaultConfigurationIsVisible = 0;
			defaultConfigurationName = Release;
		};
/* End XCConfigurationList section */

/* Begin XCVersionGroup section */
		02E5F1261AD4D41900500BF9 /* PathOGion.xcdatamodeld */ = {
			isa = XCVersionGroup;
			children = (
				02E5F1271AD4D41900500BF9 /* PathOGion.xcdatamodel */,
			);
			currentVersion = 02E5F1271AD4D41900500BF9 /* PathOGion.xcdatamodel */;
			path = PathOGion.xcdatamodeld;
			sourceTree = "<group>";
			versionGroupType = wrapper.xcdatamodel;
		};
/* End XCVersionGroup section */
	};
	rootObject = 028DFD821A86F47C00C201DE /* Project object */;
}
